Microsoft Visual Studio Solution File, Format Version 12.00
# Visual Studio 2012
Project("{FAE04EC0-301F-11D3-BF4B-00C04F79EFBC}") = "Buffalo buffalo", "Buffalo buffalo.csproj", "{43071A4A-534E-43FF-B781-A5D33CFF52D8}"
EndProject
Global
	GlobalSection(SolutionConfigurationPlatforms) = preSolution
	Debug|Any CPU = Debug|Any CPU
	ExportDebug|Any CPU = ExportDebug|Any CPU
	ExportRelease|Any CPU = ExportRelease|Any CPU
	EndGlobalSection
	GlobalSection(ProjectConfigurationPlatforms) = postSolution
		{43071A4A-534E-43FF-B781-A5D33CFF52D8}.Debug|Any CPU.ActiveCfg = Debug|Any CPU
		{43071A4A-534E-43FF-B781-A5D33CFF52D8}.Debug|Any CPU.Build.0 = Debug|Any CPU
		{43071A4A-534E-43FF-B781-A5D33CFF52D8}.ExportDebug|Any CPU.ActiveCfg = ExportDebug|Any CPU
		{43071A4A-534E-43FF-B781-A5D33CFF52D8}.ExportDebug|Any CPU.Build.0 = ExportDebug|Any CPU
		{43071A4A-534E-43FF-B781-A5D33CFF52D8}.ExportRelease|Any CPU.ActiveCfg = ExportRelease|Any CPU
		{43071A4A-534E-43FF-B781-A5D33CFF52D8}.ExportRelease|Any CPU.Build.0 = ExportRelease|Any CPU
	EndGlobalSection
EndGlobal
